// !$*UTF8*$!
{
	archiveVersion = 1;
	classes = {
	};
	objectVersion = 77;
	objects = {

/* Begin PBXBuildFile section */
		7158E8DD2D5011500056395A /* FirebaseAnalytics in Frameworks */ = {isa = PBXBuildFile; productRef = 7158E8DC2D5011500056395A /* FirebaseAnalytics */; };
		7158E8DF2D5011500056395A /* FirebaseCore in Frameworks */ = {isa = PBXBuildFile; productRef = 7158E8DE2D5011500056395A /* FirebaseCore */; };
		7158E8E12D5011500056395A /* FirebaseDatabase in Frameworks */ = {isa = PBXBuildFile; productRef = 7158E8E02D5011500056395A /* FirebaseDatabase */; };
		7158E8E32D5011500056395A /* FirebaseFirestore in Frameworks */ = {isa = PBXBuildFile; productRef = 7158E8E22D5011500056395A /* FirebaseFirestore */; };
/* End PBXBuildFile section */

/* Begin PBXContainerItemProxy section */
		71AEA3712D41633700941570 /* PBXContainerItemProxy */ = {
			isa = PBXContainerItemProxy;
			containerPortal = 71AEA3572D41633600941570 /* Project object */;
			proxyType = 1;
			remoteGlobalIDString = 71AEA35E2D41633600941570;
			remoteInfo = "Dual Weather iOS";
		};
		71AEA37B2D41633700941570 /* PBXContainerItemProxy */ = {
			isa = PBXContainerItemProxy;
			containerPortal = 71AEA3572D41633600941570 /* Project object */;
			proxyType = 1;
			remoteGlobalIDString = 71AEA35E2D41633600941570;
			remoteInfo = "Dual Weather iOS";
		};
/* End PBXContainerItemProxy section */

/* Begin PBXFileReference section */
		71AEA35F2D41633600941570 /* Dual Weather iOS.app */ = {isa = PBXFileReference; explicitFileType = wrapper.application; includeInIndex = 0; path = "Dual Weather iOS.app"; sourceTree = BUILT_PRODUCTS_DIR; };
		71AEA3702D41633700941570 /* Dual Weather iOSTests.xctest */ = {isa = PBXFileReference; explicitFileType = wrapper.cfbundle; includeInIndex = 0; path = "Dual Weather iOSTests.xctest"; sourceTree = BUILT_PRODUCTS_DIR; };
		71AEA37A2D41633700941570 /* Dual Weather iOSUITests.xctest */ = {isa = PBXFileReference; explicitFileType = wrapper.cfbundle; includeInIndex = 0; path = "Dual Weather iOSUITests.xctest"; sourceTree = BUILT_PRODUCTS_DIR; };
/* End PBXFileReference section */

/* Begin PBXFileSystemSynchronizedBuildFileExceptionSet section */
		7101598D2E7F11290038295C /* Exceptions for "Dual Weather iOS" folder in "Dual Weather iOS" target */ = {
			isa = PBXFileSystemSynchronizedBuildFileExceptionSet;
			membershipExceptions = (
				Config.xcconfig,
				Sample.xcconfig,
			);
			target = 71AEA35E2D41633600941570 /* Dual Weather iOS */;
		};
/* End PBXFileSystemSynchronizedBuildFileExceptionSet section */

/* Begin PBXFileSystemSynchronizedRootGroup section */
		71AEA3612D41633600941570 /* Dual Weather iOS */ = {
			isa = PBXFileSystemSynchronizedRootGroup;
			exceptions = (
				7101598D2E7F11290038295C /* Exceptions for "Dual Weather iOS" folder in "Dual Weather iOS" target */,
			);
			path = "Dual Weather iOS";
			sourceTree = "<group>";
		};
		71AEA3732D41633700941570 /* Dual Weather iOSTests */ = {
			isa = PBXFileSystemSynchronizedRootGroup;
			path = "Dual Weather iOSTests";
			sourceTree = "<group>";
		};
		71AEA37D2D41633700941570 /* Dual Weather iOSUITests */ = {
			isa = PBXFileSystemSynchronizedRootGroup;
			path = "Dual Weather iOSUITests";
			sourceTree = "<group>";
		};
/* End PBXFileSystemSynchronizedRootGroup section */

/* Begin PBXFrameworksBuildPhase section */
		71AEA35C2D41633600941570 /* Frameworks */ = {
			isa = PBXFrameworksBuildPhase;
			buildActionMask = 2147483647;
			files = (
				7158E8E12D5011500056395A /* FirebaseDatabase in Frameworks */,
				7158E8E32D5011500056395A /* FirebaseFirestore in Frameworks */,
				7158E8DF2D5011500056395A /* FirebaseCore in Frameworks */,
				7158E8DD2D5011500056395A /* FirebaseAnalytics in Frameworks */,
			);
			runOnlyForDeploymentPostprocessing = 0;
		};
		71AEA36D2D41633700941570 /* Frameworks */ = {
			isa = PBXFrameworksBuildPhase;
			buildActionMask = 2147483647;
			files = (
			);
			runOnlyForDeploymentPostprocessing = 0;
		};
		71AEA3772D41633700941570 /* Frameworks */ = {
			isa = PBXFrameworksBuildPhase;
			buildActionMask = 2147483647;
			files = (
			);
			runOnlyForDeploymentPostprocessing = 0;
		};
/* End PBXFrameworksBuildPhase section */

/* Begin PBXGroup section */
		71AEA3562D41633600941570 = {
			isa = PBXGroup;
			children = (
				71AEA3612D41633600941570 /* Dual Weather iOS */,
				71AEA3732D41633700941570 /* Dual Weather iOSTests */,
				71AEA37D2D41633700941570 /* Dual Weather iOSUITests */,
				71AEA3602D41633600941570 /* Products */,
			);
			sourceTree = "<group>";
		};
		71AEA3602D41633600941570 /* Products */ = {
			isa = PBXGroup;
			children = (
				71AEA35F2D41633600941570 /* Dual Weather iOS.app */,
				71AEA3702D41633700941570 /* Dual Weather iOSTests.xctest */,
				71AEA37A2D41633700941570 /* Dual Weather iOSUITests.xctest */,
			);
			name = Products;
			sourceTree = "<group>";
		};
/* End PBXGroup section */

/* Begin PBXNativeTarget section */
		71AEA35E2D41633600941570 /* Dual Weather iOS */ = {
			isa = PBXNativeTarget;
			buildConfigurationList = 71AEA3842D41633700941570 /* Build configuration list for PBXNativeTarget "Dual Weather iOS" */;
			buildPhases = (
				71AEA35B2D41633600941570 /* Sources */,
				71AEA35C2D41633600941570 /* Frameworks */,
				71AEA35D2D41633600941570 /* Resources */,
			);
			buildRules = (
			);
			dependencies = (
			);
			fileSystemSynchronizedGroups = (
				71AEA3612D41633600941570 /* Dual Weather iOS */,
			);
			name = "Dual Weather iOS";
			packageProductDependencies = (
				7158E8DC2D5011500056395A /* FirebaseAnalytics */,
				7158E8DE2D5011500056395A /* FirebaseCore */,
				7158E8E02D5011500056395A /* FirebaseDatabase */,
				7158E8E22D5011500056395A /* FirebaseFirestore */,
			);
			productName = "Dual Weather iOS";
			productReference = 71AEA35F2D41633600941570 /* Dual Weather iOS.app */;
			productType = "com.apple.product-type.application";
		};
		71AEA36F2D41633700941570 /* Dual Weather iOSTests */ = {
			isa = PBXNativeTarget;
			buildConfigurationList = 71AEA3872D41633700941570 /* Build configuration list for PBXNativeTarget "Dual Weather iOSTests" */;
			buildPhases = (
				71AEA36C2D41633700941570 /* Sources */,
				71AEA36D2D41633700941570 /* Frameworks */,
				71AEA36E2D41633700941570 /* Resources */,
			);
			buildRules = (
			);
			dependencies = (
				71AEA3722D41633700941570 /* PBXTargetDependency */,
			);
			fileSystemSynchronizedGroups = (
				71AEA3732D41633700941570 /* Dual Weather iOSTests */,
			);
			name = "Dual Weather iOSTests";
			packageProductDependencies = (
			);
			productName = "Dual Weather iOSTests";
			productReference = 71AEA3702D41633700941570 /* Dual Weather iOSTests.xctest */;
			productType = "com.apple.product-type.bundle.unit-test";
		};
		71AEA3792D41633700941570 /* Dual Weather iOSUITests */ = {
			isa = PBXNativeTarget;
			buildConfigurationList = 71AEA38A2D41633700941570 /* Build configuration list for PBXNativeTarget "Dual Weather iOSUITests" */;
			buildPhases = (
				71AEA3762D41633700941570 /* Sources */,
				71AEA3772D41633700941570 /* Frameworks */,
				71AEA3782D41633700941570 /* Resources */,
			);
			buildRules = (
			);
			dependencies = (
				71AEA37C2D41633700941570 /* PBXTargetDependency */,
			);
			fileSystemSynchronizedGroups = (
				71AEA37D2D41633700941570 /* Dual Weather iOSUITests */,
			);
			name = "Dual Weather iOSUITests";
			packageProductDependencies = (
			);
			productName = "Dual Weather iOSUITests";
			productReference = 71AEA37A2D41633700941570 /* Dual Weather iOSUITests.xctest */;
			productType = "com.apple.product-type.bundle.ui-testing";
		};
/* End PBXNativeTarget section */

/* Begin PBXProject section */
		71AEA3572D41633600941570 /* Project object */ = {
			isa = PBXProject;
			attributes = {
				BuildIndependentTargetsInParallel = 1;
				LastSwiftUpdateCheck = 1620;
				LastUpgradeCheck = 2600;
				TargetAttributes = {
					71AEA35E2D41633600941570 = {
						CreatedOnToolsVersion = 16.2;
					};
					71AEA36F2D41633700941570 = {
						CreatedOnToolsVersion = 16.2;
						TestTargetID = 71AEA35E2D41633600941570;
					};
					71AEA3792D41633700941570 = {
						CreatedOnToolsVersion = 16.2;
						TestTargetID = 71AEA35E2D41633600941570;
					};
				};
			};
			buildConfigurationList = 71AEA35A2D41633600941570 /* Build configuration list for PBXProject "Dual Weather iOS" */;
			developmentRegion = en;
			hasScannedForEncodings = 0;
			knownRegions = (
				en,
				Base,
			);
			mainGroup = 71AEA3562D41633600941570;
			minimizedProjectReferenceProxies = 1;
			packageReferences = (
				7158E8DB2D5011500056395A /* XCRemoteSwiftPackageReference "firebase-ios-sdk" */,
			);
			preferredProjectObjectVersion = 77;
			productRefGroup = 71AEA3602D41633600941570 /* Products */;
			projectDirPath = "";
			projectRoot = "";
			targets = (
				71AEA35E2D41633600941570 /* Dual Weather iOS */,
				71AEA36F2D41633700941570 /* Dual Weather iOSTests */,
				71AEA3792D41633700941570 /* Dual Weather iOSUITests */,
			);
		};
/* End PBXProject section */

/* Begin PBXResourcesBuildPhase section */
		71AEA35D2D41633600941570 /* Resources */ = {
			isa = PBXResourcesBuildPhase;
			buildActionMask = 2147483647;
			files = (
			);
			runOnlyForDeploymentPostprocessing = 0;
		};
		71AEA36E2D41633700941570 /* Resources */ = {
			isa = PBXResourcesBuildPhase;
			buildActionMask = 2147483647;
			files = (
			);
			runOnlyForDeploymentPostprocessing = 0;
		};
		71AEA3782D41633700941570 /* Resources */ = {
			isa = PBXResourcesBuildPhase;
			buildActionMask = 2147483647;
			files = (
			);
			runOnlyForDeploymentPostprocessing = 0;
		};
/* End PBXResourcesBuildPhase section */

/* Begin PBXSourcesBuildPhase section */
		71AEA35B2D41633600941570 /* Sources */ = {
			isa = PBXSourcesBuildPhase;
			buildActionMask = 2147483647;
			files = (
			);
			runOnlyForDeploymentPostprocessing = 0;
		};
		71AEA36C2D41633700941570 /* Sources */ = {
			isa = PBXSourcesBuildPhase;
			buildActionMask = 2147483647;
			files = (
			);
			runOnlyForDeploymentPostprocessing = 0;
		};
		71AEA3762D41633700941570 /* Sources */ = {
			isa = PBXSourcesBuildPhase;
			buildActionMask = 2147483647;
			files = (
			);
			runOnlyForDeploymentPostprocessing = 0;
		};
/* End PBXSourcesBuildPhase section */

/* Begin PBXTargetDependency section */
		71AEA3722D41633700941570 /* PBXTargetDependency */ = {
			isa = PBXTargetDependency;
			target = 71AEA35E2D41633600941570 /* Dual Weather iOS */;
			targetProxy = 71AEA3712D41633700941570 /* PBXContainerItemProxy */;
		};
		71AEA37C2D41633700941570 /* PBXTargetDependency */ = {
			isa = PBXTargetDependency;
			target = 71AEA35E2D41633600941570 /* Dual Weather iOS */;
			targetProxy = 71AEA37B2D41633700941570 /* PBXContainerItemProxy */;
		};
/* End PBXTargetDependency section */

/* Begin XCBuildConfiguration section */
		71AEA3822D41633700941570 /* Debug */ = {
			isa = XCBuildConfiguration;
			buildSettings = {
				ALWAYS_SEARCH_USER_PATHS = NO;
				ASSETCATALOG_COMPILER_GENERATE_SWIFT_ASSET_SYMBOL_EXTENSIONS = YES;
				CLANG_ANALYZER_NONNULL = YES;
				CLANG_ANALYZER_NUMBER_OBJECT_CONVERSION = YES_AGGRESSIVE;
				CLANG_CXX_LANGUAGE_STANDARD = "gnu++20";
				CLANG_ENABLE_MODULES = YES;
				CLANG_ENABLE_OBJC_ARC = YES;
				CLANG_ENABLE_OBJC_WEAK = YES;
				CLANG_WARN_BLOCK_CAPTURE_AUTORELEASING = YES;
				CLANG_WARN_BOOL_CONVERSION = YES;
				CLANG_WARN_COMMA = YES;
				CLANG_WARN_CONSTANT_CONVERSION = YES;
				CLANG_WARN_DEPRECATED_OBJC_IMPLEMENTATIONS = YES;
				CLANG_WARN_DIRECT_OBJC_ISA_USAGE = YES_ERROR;
				CLANG_WARN_DOCUMENTATION_COMMENTS = YES;
				CLANG_WARN_EMPTY_BODY = YES;
				CLANG_WARN_ENUM_CONVERSION = YES;
				CLANG_WARN_INFINITE_RECURSION = YES;
				CLANG_WARN_INT_CONVERSION = YES;
				CLANG_WARN_NON_LITERAL_NULL_CONVERSION = YES;
				CLANG_WARN_OBJC_IMPLICIT_RETAIN_SELF = YES;
				CLANG_WARN_OBJC_LITERAL_CONVERSION = YES;
				CLANG_WARN_OBJC_ROOT_CLASS = YES_ERROR;
				CLANG_WARN_QUOTED_INCLUDE_IN_FRAMEWORK_HEADER = YES;
				CLANG_WARN_RANGE_LOOP_ANALYSIS = YES;
				CLANG_WARN_STRICT_PROTOTYPES = YES;
				CLANG_WARN_SUSPICIOUS_MOVE = YES;
				CLANG_WARN_UNGUARDED_AVAILABILITY = YES_AGGRESSIVE;
				CLANG_WARN_UNREACHABLE_CODE = YES;
				CLANG_WARN__DUPLICATE_METHOD_MATCH = YES;
				COPY_PHASE_STRIP = NO;
				DEAD_CODE_STRIPPING = YES;
				DEBUG_INFORMATION_FORMAT = dwarf;
				DEVELOPMENT_TEAM = YNT6PGUJ53;
				ENABLE_STRICT_OBJC_MSGSEND = YES;
				ENABLE_TESTABILITY = YES;
				ENABLE_USER_SCRIPT_SANDBOXING = YES;
				GCC_C_LANGUAGE_STANDARD = gnu17;
				GCC_DYNAMIC_NO_PIC = NO;
				GCC_NO_COMMON_BLOCKS = YES;
				GCC_OPTIMIZATION_LEVEL = 0;
				GCC_PREPROCESSOR_DEFINITIONS = (
					"DEBUG=1",
					"$(inherited)",
				);
				GCC_WARN_64_TO_32_BIT_CONVERSION = YES;
				GCC_WARN_ABOUT_RETURN_TYPE = YES_ERROR;
				GCC_WARN_UNDECLARED_SELECTOR = YES;
				GCC_WARN_UNINITIALIZED_AUTOS = YES_AGGRESSIVE;
				GCC_WARN_UNUSED_FUNCTION = YES;
				GCC_WARN_UNUSED_VARIABLE = YES;
				GENERATE_INFOPLIST_FILE = YES;
				INFOPLIST_FILE = "Dual-Weather-iOS-Info.plist";
				INFOPLIST_OUTPUT_FORMAT = binary;
				INFOPLIST_PREPROCESS = YES;
				LOCALIZATION_PREFERS_STRING_CATALOGS = YES;
				MTL_ENABLE_DEBUG_INFO = INCLUDE_SOURCE;
				MTL_FAST_MATH = YES;
				ONLY_ACTIVE_ARCH = YES;
				STRING_CATALOG_GENERATE_SYMBOLS = YES;
				SWIFT_ACTIVE_COMPILATION_CONDITIONS = "DEBUG $(inherited)";
				SWIFT_OPTIMIZATION_LEVEL = "-Onone";
			};
			name = Debug;
		};
		71AEA3832D41633700941570 /* Release */ = {
			isa = XCBuildConfiguration;
			buildSettings = {
				ALWAYS_SEARCH_USER_PATHS = NO;
				ASSETCATALOG_COMPILER_GENERATE_SWIFT_ASSET_SYMBOL_EXTENSIONS = YES;
				CLANG_ANALYZER_NONNULL = YES;
				CLANG_ANALYZER_NUMBER_OBJECT_CONVERSION = YES_AGGRESSIVE;
				CLANG_CXX_LANGUAGE_STANDARD = "gnu++20";
				CLANG_ENABLE_MODULES = YES;
				CLANG_ENABLE_OBJC_ARC = YES;
				CLANG_ENABLE_OBJC_WEAK = YES;
				CLANG_WARN_BLOCK_CAPTURE_AUTORELEASING = YES;
				CLANG_WARN_BOOL_CONVERSION = YES;
				CLANG_WARN_COMMA = YES;
				CLANG_WARN_CONSTANT_CONVERSION = YES;
				CLANG_WARN_DEPRECATED_OBJC_IMPLEMENTATIONS = YES;
				CLANG_WARN_DIRECT_OBJC_ISA_USAGE = YES_ERROR;
				CLANG_WARN_DOCUMENTATION_COMMENTS = YES;
				CLANG_WARN_EMPTY_BODY = YES;
				CLANG_WARN_ENUM_CONVERSION = YES;
				CLANG_WARN_INFINITE_RECURSION = YES;
				CLANG_WARN_INT_CONVERSION = YES;
				CLANG_WARN_NON_LITERAL_NULL_CONVERSION = YES;
				CLANG_WARN_OBJC_IMPLICIT_RETAIN_SELF = YES;
				CLANG_WARN_OBJC_LITERAL_CONVERSION = YES;
				CLANG_WARN_OBJC_ROOT_CLASS = YES_ERROR;
				CLANG_WARN_QUOTED_INCLUDE_IN_FRAMEWORK_HEADER = YES;
				CLANG_WARN_RANGE_LOOP_ANALYSIS = YES;
				CLANG_WARN_STRICT_PROTOTYPES = YES;
				CLANG_WARN_SUSPICIOUS_MOVE = YES;
				CLANG_WARN_UNGUARDED_AVAILABILITY = YES_AGGRESSIVE;
				CLANG_WARN_UNREACHABLE_CODE = YES;
				CLANG_WARN__DUPLICATE_METHOD_MATCH = YES;
				COPY_PHASE_STRIP = NO;
				DEAD_CODE_STRIPPING = YES;
				DEBUG_INFORMATION_FORMAT = "dwarf-with-dsym";
				DEVELOPMENT_TEAM = YNT6PGUJ53;
				ENABLE_NS_ASSERTIONS = NO;
				ENABLE_STRICT_OBJC_MSGSEND = YES;
				ENABLE_USER_SCRIPT_SANDBOXING = YES;
				GCC_C_LANGUAGE_STANDARD = gnu17;
				GCC_NO_COMMON_BLOCKS = YES;
				GCC_WARN_64_TO_32_BIT_CONVERSION = YES;
				GCC_WARN_ABOUT_RETURN_TYPE = YES_ERROR;
				GCC_WARN_UNDECLARED_SELECTOR = YES;
				GCC_WARN_UNINITIALIZED_AUTOS = YES_AGGRESSIVE;
				GCC_WARN_UNUSED_FUNCTION = YES;
				GCC_WARN_UNUSED_VARIABLE = YES;
				GENERATE_INFOPLIST_FILE = YES;
				INFOPLIST_FILE = "Dual-Weather-iOS-Info.plist";
				INFOPLIST_OUTPUT_FORMAT = binary;
				INFOPLIST_PREPROCESS = YES;
				LOCALIZATION_PREFERS_STRING_CATALOGS = YES;
				MTL_ENABLE_DEBUG_INFO = NO;
				MTL_FAST_MATH = YES;
				STRING_CATALOG_GENERATE_SYMBOLS = YES;
				SWIFT_COMPILATION_MODE = wholemodule;
			};
			name = Release;
		};
		71AEA3852D41633700941570 /* Debug */ = {
			isa = XCBuildConfiguration;
			buildSettings = {
				ASSETCATALOG_COMPILER_APPICON_NAME = GlassIcon;
				ASSETCATALOG_COMPILER_GLOBAL_ACCENT_COLOR_NAME = AccentColor;
				ASSETCATALOG_COMPILER_INCLUDE_ALL_APPICON_ASSETS = YES;
				CODE_SIGN_ENTITLEMENTS = "Dual Weather iOS/Dual_Weather_iOS.entitlements";
				CODE_SIGN_IDENTITY = "Apple Development";
				CODE_SIGN_STYLE = Automatic;
				CURRENT_PROJECT_VERSION = 1;
				DEAD_CODE_STRIPPING = YES;
				DEVELOPMENT_ASSET_PATHS = "Dual\\ Weather\\ iOS/Assets.xcassets Dual\\ Weather\\ iOS/Preview\\ Content";
				DEVELOPMENT_TEAM = YNT6PGUJ53;
				ENABLE_APP_SANDBOX = YES;
				ENABLE_HARDENED_RUNTIME = YES;
				ENABLE_OUTGOING_NETWORK_CONNECTIONS = YES;
				ENABLE_PREVIEWS = YES;
				ENABLE_RESOURCE_ACCESS_LOCATION = YES;
				ENABLE_USER_SELECTED_FILES = readonly;
				GENERATE_INFOPLIST_FILE = YES;
				INFOPLIST_FILE = "";
				INFOPLIST_KEY_CFBundleDisplayName = "Dual Weather";
				INFOPLIST_KEY_LSApplicationCategoryType = "public.app-category.weather";
				INFOPLIST_KEY_NSLocationAlwaysUsageDescription = "We need your location to provide weather updates even when the app is in the background.";
				INFOPLIST_KEY_NSLocationWhenInUseUsageDescription = "We need your location to provide weather updates.";
				"INFOPLIST_KEY_UIApplicationSceneManifest_Generation[sdk=iphoneos*]" = YES;
				"INFOPLIST_KEY_UIApplicationSceneManifest_Generation[sdk=iphonesimulator*]" = YES;
				"INFOPLIST_KEY_UIApplicationSupportsIndirectInputEvents[sdk=iphoneos*]" = YES;
				"INFOPLIST_KEY_UIApplicationSupportsIndirectInputEvents[sdk=iphonesimulator*]" = YES;
				"INFOPLIST_KEY_UILaunchScreen_Generation[sdk=iphoneos*]" = YES;
				"INFOPLIST_KEY_UILaunchScreen_Generation[sdk=iphonesimulator*]" = YES;
				"INFOPLIST_KEY_UIStatusBarStyle[sdk=iphoneos*]" = UIStatusBarStyleDefault;
				"INFOPLIST_KEY_UIStatusBarStyle[sdk=iphonesimulator*]" = UIStatusBarStyleDefault;
				INFOPLIST_KEY_UISupportedInterfaceOrientations = UIInterfaceOrientationPortrait;
				INFOPLIST_KEY_UISupportedInterfaceOrientations_iPad = "UIInterfaceOrientationLandscapeLeft UIInterfaceOrientationLandscapeRight UIInterfaceOrientationPortrait UIInterfaceOrientationPortraitUpsideDown";
				IPHONEOS_DEPLOYMENT_TARGET = 18.0;
				LD_RUNPATH_SEARCH_PATHS = "@executable_path/Frameworks";
				"LD_RUNPATH_SEARCH_PATHS[sdk=macosx*]" = "@executable_path/../Frameworks";
				MACOSX_DEPLOYMENT_TARGET = 15.0;
				MARKETING_VERSION = 1.0;
				PRODUCT_BUNDLE_IDENTIFIER = "dualweatherios.Dual-Weather-iOS";
				PRODUCT_NAME = "$(TARGET_NAME)";
				PROVISIONING_PROFILE_SPECIFIER = "";
				SDKROOT = auto;
				SUPPORTED_PLATFORMS = "iphoneos iphonesimulator macosx xros xrsimulator";
				SWIFT_EMIT_LOC_STRINGS = YES;
				SWIFT_VERSION = 5.0;
				TARGETED_DEVICE_FAMILY = "1,2,7";
				XROS_DEPLOYMENT_TARGET = 2.0;
			};
			name = Debug;
		};
		71AEA3862D41633700941570 /* Release */ = {
			isa = XCBuildConfiguration;
			buildSettings = {
				ASSETCATALOG_COMPILER_APPICON_NAME = GlassIcon;
				ASSETCATALOG_COMPILER_GLOBAL_ACCENT_COLOR_NAME = AccentColor;
				ASSETCATALOG_COMPILER_INCLUDE_ALL_APPICON_ASSETS = YES;
				CODE_SIGN_ENTITLEMENTS = "Dual Weather iOS/Dual_Weather_iOS.entitlements";
				CODE_SIGN_IDENTITY = "Apple Development";
				CODE_SIGN_STYLE = Automatic;
				CURRENT_PROJECT_VERSION = 1;
				DEAD_CODE_STRIPPING = YES;
				DEVELOPMENT_ASSET_PATHS = "Dual\\ Weather\\ iOS/Assets.xcassets Dual\\ Weather\\ iOS/Preview\\ Content";
				DEVELOPMENT_TEAM = YNT6PGUJ53;
				ENABLE_APP_SANDBOX = YES;
				ENABLE_HARDENED_RUNTIME = YES;
				ENABLE_OUTGOING_NETWORK_CONNECTIONS = YES;
				ENABLE_PREVIEWS = YES;
				ENABLE_RESOURCE_ACCESS_LOCATION = YES;
				ENABLE_USER_SELECTED_FILES = readonly;
				GENERATE_INFOPLIST_FILE = YES;
				INFOPLIST_FILE = "";
				INFOPLIST_KEY_CFBundleDisplayName = "Dual Weather";
				INFOPLIST_KEY_LSApplicationCategoryType = "public.app-category.weather";
				INFOPLIST_KEY_NSLocationAlwaysUsageDescription = "We need your location to provide weather updates even when the app is in the background.";
				INFOPLIST_KEY_NSLocationWhenInUseUsageDescription = "We need your location to provide weather updates.";
				"INFOPLIST_KEY_UIApplicationSceneManifest_Generation[sdk=iphoneos*]" = YES;
				"INFOPLIST_KEY_UIApplicationSceneManifest_Generation[sdk=iphonesimulator*]" = YES;
				"INFOPLIST_KEY_UIApplicationSupportsIndirectInputEvents[sdk=iphoneos*]" = YES;
				"INFOPLIST_KEY_UIApplicationSupportsIndirectInputEvents[sdk=iphonesimulator*]" = YES;
				"INFOPLIST_KEY_UILaunchScreen_Generation[sdk=iphoneos*]" = YES;
				"INFOPLIST_KEY_UILaunchScreen_Generation[sdk=iphonesimulator*]" = YES;
				"INFOPLIST_KEY_UIStatusBarStyle[sdk=iphoneos*]" = UIStatusBarStyleDefault;
				"INFOPLIST_KEY_UIStatusBarStyle[sdk=iphonesimulator*]" = UIStatusBarStyleDefault;
				INFOPLIST_KEY_UISupportedInterfaceOrientations = UIInterfaceOrientationPortrait;
				INFOPLIST_KEY_UISupportedInterfaceOrientations_iPad = "UIInterfaceOrientationLandscapeLeft UIInterfaceOrientationLandscapeRight UIInterfaceOrientationPortrait UIInterfaceOrientationPortraitUpsideDown";
				IPHONEOS_DEPLOYMENT_TARGET = 18.0;
				LD_RUNPATH_SEARCH_PATHS = "@executable_path/Frameworks";
				"LD_RUNPATH_SEARCH_PATHS[sdk=macosx*]" = "@executable_path/../Frameworks";
				MACOSX_DEPLOYMENT_TARGET = 15.0;
				MARKETING_VERSION = 1.0;
				PRODUCT_BUNDLE_IDENTIFIER = "dualweatherios.Dual-Weather-iOS";
				PRODUCT_NAME = "$(TARGET_NAME)";
				PROVISIONING_PROFILE_SPECIFIER = "";
				SDKROOT = auto;
				SUPPORTED_PLATFORMS = "iphoneos iphonesimulator macosx xros xrsimulator";
				SWIFT_EMIT_LOC_STRINGS = YES;
				SWIFT_VERSION = 5.0;
				TARGETED_DEVICE_FAMILY = "1,2,7";
				XROS_DEPLOYMENT_TARGET = 2.0;
			};
			name = Release;
		};
		71AEA3882D41633700941570 /* Debug */ = {
			isa = XCBuildConfiguration;
			buildSettings = {
				BUNDLE_LOADER = "$(TEST_HOST)";
				CODE_SIGN_STYLE = Automatic;
				CURRENT_PROJECT_VERSION = 1;
				DEAD_CODE_STRIPPING = YES;
				GENERATE_INFOPLIST_FILE = YES;
				INFOPLIST_FILE = "";
				IPHONEOS_DEPLOYMENT_TARGET = 18.2;
				MACOSX_DEPLOYMENT_TARGET = 15.2;
				MARKETING_VERSION = 1.0;
				PRODUCT_BUNDLE_IDENTIFIER = "dualweather.Dual-Weather-iOSTests";
				PRODUCT_NAME = "$(TARGET_NAME)";
				SDKROOT = auto;
				SUPPORTED_PLATFORMS = "iphoneos iphonesimulator macosx xros xrsimulator";
				SWIFT_EMIT_LOC_STRINGS = NO;
				SWIFT_VERSION = 5.0;
				TARGETED_DEVICE_FAMILY = "1,2,7";
				TEST_HOST = "$(BUILT_PRODUCTS_DIR)/Dual Weather iOS.app/$(BUNDLE_EXECUTABLE_FOLDER_PATH)/Dual Weather iOS";
				XROS_DEPLOYMENT_TARGET = 2.2;
			};
			name = Debug;
		};
		71AEA3892D41633700941570 /* Release */ = {
			isa = XCBuildConfiguration;
			buildSettings = {
				BUNDLE_LOADER = "$(TEST_HOST)";
				CODE_SIGN_STYLE = Automatic;
				CURRENT_PROJECT_VERSION = 1;
				DEAD_CODE_STRIPPING = YES;
				GENERATE_INFOPLIST_FILE = YES;
				INFOPLIST_FILE = "";
				IPHONEOS_DEPLOYMENT_TARGET = 18.2;
				MACOSX_DEPLOYMENT_TARGET = 15.2;
				MARKETING_VERSION = 1.0;
				PRODUCT_BUNDLE_IDENTIFIER = "dualweather.Dual-Weather-iOSTests";
				PRODUCT_NAME = "$(TARGET_NAME)";
				SDKROOT = auto;
				SUPPORTED_PLATFORMS = "iphoneos iphonesimulator macosx xros xrsimulator";
				SWIFT_EMIT_LOC_STRINGS = NO;
				SWIFT_VERSION = 5.0;
				TARGETED_DEVICE_FAMILY = "1,2,7";
				TEST_HOST = "$(BUILT_PRODUCTS_DIR)/Dual Weather iOS.app/$(BUNDLE_EXECUTABLE_FOLDER_PATH)/Dual Weather iOS";
				XROS_DEPLOYMENT_TARGET = 2.2;
			};
			name = Release;
		};
		71AEA38B2D41633700941570 /* Debug */ = {
			isa = XCBuildConfiguration;
			buildSettings = {
				CODE_SIGN_STYLE = Automatic;
				CURRENT_PROJECT_VERSION = 1;
				DEAD_CODE_STRIPPING = YES;
				GENERATE_INFOPLIST_FILE = YES;
				INFOPLIST_FILE = "";
				IPHONEOS_DEPLOYMENT_TARGET = 18.2;
				MACOSX_DEPLOYMENT_TARGET = 15.2;
				MARKETING_VERSION = 1.0;
				PRODUCT_BUNDLE_IDENTIFIER = "dualweather.Dual-Weather-iOSUITests";
				PRODUCT_NAME = "$(TARGET_NAME)";
				SDKROOT = auto;
				SUPPORTED_PLATFORMS = "iphoneos iphonesimulator macosx xros xrsimulator";
				SWIFT_EMIT_LOC_STRINGS = NO;
				SWIFT_VERSION = 5.0;
				TARGETED_DEVICE_FAMILY = "1,2,7";
				TEST_TARGET_NAME = "Dual Weather iOS";
				XROS_DEPLOYMENT_TARGET = 2.2;
			};
			name = Debug;
		};
		71AEA38C2D41633700941570 /* Release */ = {
			isa = XCBuildConfiguration;
			buildSettings = {
				CODE_SIGN_STYLE = Automatic;
				CURRENT_PROJECT_VERSION = 1;
				DEAD_CODE_STRIPPING = YES;
				GENERATE_INFOPLIST_FILE = YES;
				INFOPLIST_FILE = "";
				IPHONEOS_DEPLOYMENT_TARGET = 18.2;
				MACOSX_DEPLOYMENT_TARGET = 15.2;
				MARKETING_VERSION = 1.0;
				PRODUCT_BUNDLE_IDENTIFIER = "dualweather.Dual-Weather-iOSUITests";
				PRODUCT_NAME = "$(TARGET_NAME)";
				SDKROOT = auto;
				SUPPORTED_PLATFORMS = "iphoneos iphonesimulator macosx xros xrsimulator";
				SWIFT_EMIT_LOC_STRINGS = NO;
				SWIFT_VERSION = 5.0;
				TARGETED_DEVICE_FAMILY = "1,2,7";
				TEST_TARGET_NAME = "Dual Weather iOS";
				XROS_DEPLOYMENT_TARGET = 2.2;
			};
			name = Release;
		};
/* End XCBuildConfiguration section */

/* Begin XCConfigurationList section */
		71AEA35A2D41633600941570 /* Build configuration list for PBXProject "Dual Weather iOS" */ = {
			isa = XCConfigurationList;
			buildConfigurations = (
				71AEA3822D41633700941570 /* Debug */,
				71AEA3832D41633700941570 /* Release */,
			);
			defaultConfigurationIsVisible = 0;
			defaultConfigurationName = Release;
		};
		71AEA3842D41633700941570 /* Build configuration list for PBXNativeTarget "Dual Weather iOS" */ = {
			isa = XCConfigurationList;
			buildConfigurations = (
				71AEA3852D41633700941570 /* Debug */,
				71AEA3862D41633700941570 /* Release */,
			);
			defaultConfigurationIsVisible = 0;
			defaultConfigurationName = Release;
		};
		71AEA3872D41633700941570 /* Build configuration list for PBXNativeTarget "Dual Weather iOSTests" */ = {
			isa = XCConfigurationList;
			buildConfigurations = (
				71AEA3882D41633700941570 /* Debug */,
				71AEA3892D41633700941570 /* Release */,
			);
			defaultConfigurationIsVisible = 0;
			defaultConfigurationName = Release;
		};
		71AEA38A2D41633700941570 /* Build configuration list for PBXNativeTarget "Dual Weather iOSUITests" */ = {
			isa = XCConfigurationList;
			buildConfigurations = (
				71AEA38B2D41633700941570 /* Debug */,
				71AEA38C2D41633700941570 /* Release */,
			);
			defaultConfigurationIsVisible = 0;
			defaultConfigurationName = Release;
		};
/* End XCConfigurationList section */

/* Begin XCRemoteSwiftPackageReference section */
		7158E8DB2D5011500056395A /* XCRemoteSwiftPackageReference "firebase-ios-sdk" */ = {
			isa = XCRemoteSwiftPackageReference;
			repositoryURL = "https://github.com/firebase/firebase-ios-sdk";
			requirement = {
				kind = upToNextMajorVersion;
				minimumVersion = 11.7.0;
			};
		};
/* End XCRemoteSwiftPackageReference section */

/* Begin XCSwiftPackageProductDependency section */
		7158E8DC2D5011500056395A /* FirebaseAnalytics */ = {
			isa = XCSwiftPackageProductDependency;
			package = 7158E8DB2D5011500056395A /* XCRemoteSwiftPackageReference "firebase-ios-sdk" */;
			productName = FirebaseAnalytics;
		};
		7158E8DE2D5011500056395A /* FirebaseCore */ = {
			isa = XCSwiftPackageProductDependency;
			package = 7158E8DB2D5011500056395A /* XCRemoteSwiftPackageReference "firebase-ios-sdk" */;
			productName = FirebaseCore;
		};
		7158E8E02D5011500056395A /* FirebaseDatabase */ = {
			isa = XCSwiftPackageProductDependency;
			package = 7158E8DB2D5011500056395A /* XCRemoteSwiftPackageReference "firebase-ios-sdk" */;
			productName = FirebaseDatabase;
		};
		7158E8E22D5011500056395A /* FirebaseFirestore */ = {
			isa = XCSwiftPackageProductDependency;
			package = 7158E8DB2D5011500056395A /* XCRemoteSwiftPackageReference "firebase-ios-sdk" */;
			productName = FirebaseFirestore;
		};
/* End XCSwiftPackageProductDependency section */
	};
	rootObject = 71AEA3572D41633600941570 /* Project object */;
}
